<Solution>
  <Folder Name="/src/">
    <Project Path="src/VinylRipper.Windows/VinylRipper.Windows.csproj" />
    <Project Path="src/VinylRipper/VinylRipper.csproj" />
  </Folder>
  <Folder Name="/tests/">
    <Project Path="tests/VinylRipper.Tests/VinylRipper.Tests.csproj" />
  </Folder>
  <Folder Name="/installer/">
    <File Path="installer/VinylRipper.Windows.Installer/VinylRipper.Windows.Installer.iss" />
    <File Path="installer/VinylRipper.Windows.Installer/build-installer.ps1" />
  </Folder>
</Solution>
